
Microsoft Visual Studio Solution File, Format Version 12.00
# Visual Studio 15
VisualStudioVersion = 15.0.28010.2003
MinimumVisualStudioVersion = 10.0.40219.1
Project("{FAE04EC0-301F-11D3-BF4B-00C04F79EFBC}") = "ShoppingListBot", "ShoppingListBot\ShoppingListBot.csproj", "{0A84A9F9-6920-4E3C-A04C-D389D598BED5}"
EndProject
Global
	GlobalSection(SolutionConfigurationPlatforms) = preSolution
		Debug|Any CPU = Debug|Any CPU
		Release|Any CPU = Release|Any CPU
	EndGlobalSection
	GlobalSection(ProjectConfigurationPlatforms) = postSolution
		{0A84A9F9-6920-4E3C-A04C-D389D598BED5}.Debug|Any CPU.ActiveCfg = Debug|Any CPU
		{0A84A9F9-6920-4E3C-A04C-D389D598BED5}.Debug|Any CPU.Build.0 = Debug|Any CPU
		{0A84A9F9-6920-4E3C-A04C-D389D598BED5}.Release|Any CPU.ActiveCfg = Release|Any CPU
		{0A84A9F9-6920-4E3C-A04C-D389D598BED5}.Release|Any CPU.Build.0 = Release|Any CPU
	EndGlobalSection
	GlobalSection(SolutionProperties) = preSolution
		HideSolutionNode = FALSE
	EndGlobalSection
	GlobalSection(ExtensibilityGlobals) = postSolution
		SolutionGuid = {988FB542-18FA-4BF4-9124-3712A6B74564}
	EndGlobalSection
EndGlobal
